
Microsoft Visual Studio Solution File, Format Version 12.00
# Visual Studio Version 16
VisualStudioVersion = 16.0.30225.117
MinimumVisualStudioVersion = 10.0.40219.1
Project("{FAE04EC0-301F-11D3-BF4B-00C04F79EFBC}") = "SellMeApp.API", "SellMeApp.API.csproj", "{0A6A6B8C-6F56-44B3-A062-D1B4150E01DE}"
EndProject
Global
	GlobalSection(SolutionConfigurationPlatforms) = preSolution
		Debug|Any CPU = Debug|Any CPU
		Release|Any CPU = Release|Any CPU
	EndGlobalSection
	GlobalSection(ProjectConfigurationPlatforms) = postSolution
		{0A6A6B8C-6F56-44B3-A062-D1B4150E01DE}.Debug|Any CPU.ActiveCfg = Debug|Any CPU
		{0A6A6B8C-6F56-44B3-A062-D1B4150E01DE}.Debug|Any CPU.Build.0 = Debug|Any CPU
		{0A6A6B8C-6F56-44B3-A062-D1B4150E01DE}.Release|Any CPU.ActiveCfg = Release|Any CPU
		{0A6A6B8C-6F56-44B3-A062-D1B4150E01DE}.Release|Any CPU.Build.0 = Release|Any CPU
	EndGlobalSection
	GlobalSection(SolutionProperties) = preSolution
		HideSolutionNode = FALSE
	EndGlobalSection
	GlobalSection(ExtensibilityGlobals) = postSolution
		SolutionGuid = {69A1C18A-1312-4A9A-B2C1-847A48499B36}
	EndGlobalSection
EndGlobal
